// !$*UTF8*$!
{
	archiveVersion = 1;
	classes = {
	};
	objectVersion = 46;
	objects = {

/* Begin PBXBuildFile section */
		326024C116D1097F00431BC7 /* arrSegmentInit.c in Sources */ = {isa = PBXBuildFile; fileRef = 326024C016D1097F00431BC7 /* arrSegmentInit.c */; };
		32ECBD4416D04A0B000C43BA /* arrEdgeAlloc.c in Sources */ = {isa = PBXBuildFile; fileRef = 32ECBD2316D04A0B000C43BA /* arrEdgeAlloc.c */; };
		32ECBD4516D04A0B000C43BA /* arrEdgeFree.c in Sources */ = {isa = PBXBuildFile; fileRef = 32ECBD2416D04A0B000C43BA /* arrEdgeFree.c */; };
		32ECBD4616D04A0B000C43BA /* arrEdgeGradientIntensity.c in Sources */ = {isa = PBXBuildFile; fileRef = 32ECBD2516D04A0B000C43BA /* arrEdgeGradientIntensity.c */; };
		32ECBD4716D04A0B000C43BA /* arrEdgeIsCompatible.c in Sources */ = {isa = PBXBuildFile; fileRef = 32ECBD2616D04A0B000C43BA /* arrEdgeIsCompatible.c */; };
		32ECBD4816D04A0B000C43BA /* arrEdgeKernel.c in Sources */ = {isa = PBXBuildFile; fileRef = 32ECBD2716D04A0B000C43BA /* arrEdgeKernel.c */; };
		32ECBD4916D04A0B000C43BA /* arrExtendSegments.c in Sources */ = {isa = PBXBuildFile; fileRef = 32ECBD2816D04A0B000C43BA /* arrExtendSegments.c */; };
		32ECBD4A16D04A0B000C43BA /* arrFindChainOfLines.c in Sources */ = {isa = PBXBuildFile; fileRef = 32ECBD2916D04A0B000C43BA /* arrFindChainOfLines.c */; };
		32ECBD4B16D04A0B000C43BA /* arrFindEdgesInRegion.c in Sources */ = {isa = PBXBuildFile; fileRef = 32ECBD2A16D04A0B000C43BA /* arrFindEdgesInRegion.c */; };
		32ECBD4C16D04A0B000C43BA /* arrFindLinesWithCorners.c in Sources */ = {isa = PBXBuildFile; fileRef = 32ECBD2B16D04A0B000C43BA /* arrFindLinesWithCorners.c */; };
		32ECBD4D16D04A0B000C43BA /* arrFindMarkers.c in Sources */ = {isa = PBXBuildFile; fileRef = 32ECBD2C16D04A0B000C43BA /* arrFindMarkers.c */; };
		32ECBD4E16D04A0B000C43BA /* arrFindSegments.c in Sources */ = {isa = PBXBuildFile; fileRef = 32ECBD2D16D04A0B000C43BA /* arrFindSegments.c */; };
		32ECBD4F16D04A0B000C43BA /* arrImageAlloc.c in Sources */ = {isa = PBXBuildFile; fileRef = 32ECBD2E16D04A0B000C43BA /* arrImageAlloc.c */; };
		32ECBD5016D04A0B000C43BA /* arrImageGetPixel.c in Sources */ = {isa = PBXBuildFile; fileRef = 32ECBD2F16D04A0B000C43BA /* arrImageGetPixel.c */; };
		32ECBD5116D04A0B000C43BA /* arrMarkerCopyChain.c in Sources */ = {isa = PBXBuildFile; fileRef = 32ECBD3016D04A0B000C43BA /* arrMarkerCopyChain.c */; };
		32ECBD5216D04A0B000C43BA /* arrMarkerReconstruct.c in Sources */ = {isa = PBXBuildFile; fileRef = 32ECBD3116D04A0B000C43BA /* arrMarkerReconstruct.c */; };
		32ECBD5316D04A0B000C43BA /* arrMergeSegments.c in Sources */ = {isa = PBXBuildFile; fileRef = 32ECBD3216D04A0B000C43BA /* arrMergeSegments.c */; };
		32ECBD5416D04A0B000C43BA /* arrSegmentAddSupport.c in Sources */ = {isa = PBXBuildFile; fileRef = 32ECBD3316D04A0B000C43BA /* arrSegmentAddSupport.c */; };
		32ECBD5516D04A0B000C43BA /* arrSegmentIntersect.c in Sources */ = {isa = PBXBuildFile; fileRef = 32ECBD3416D04A0B000C43BA /* arrSegmentIntersect.c */; };
		32ECBD5616D04A0B000C43BA /* arrSegmentIsCompatible.c in Sources */ = {isa = PBXBuildFile; fileRef = 32ECBD3516D04A0B000C43BA /* arrSegmentIsCompatible.c */; };
		32ECBD5716D04A0B000C43BA /* arrSegmentIsEquel.c in Sources */ = {isa = PBXBuildFile; fileRef = 32ECBD3616D04A0B000C43BA /* arrSegmentIsEquel.c */; };
		32ECBD5816D04A0B000C43BA /* arrSegmentIsInclude.c in Sources */ = {isa = PBXBuildFile; fileRef = 32ECBD3716D04A0B000C43BA /* arrSegmentIsInclude.c */; };
		32ECBD5916D04A0B000C43BA /* arrVecNormalize.c in Sources */ = {isa = PBXBuildFile; fileRef = 32ECBD3816D04A0B000C43BA /* arrVecNormalize.c */; };
		32ECBD5A16D04A0B000C43BA /* vAdd.c in Sources */ = {isa = PBXBuildFile; fileRef = 32ECBD4016D04A0B000C43BA /* vAdd.c */; };
		32ECBD5B16D04A0B000C43BA /* vAlloc.c in Sources */ = {isa = PBXBuildFile; fileRef = 32ECBD4116D04A0B000C43BA /* vAlloc.c */; };
		32ECBD5C16D04A0B000C43BA /* vFree.c in Sources */ = {isa = PBXBuildFile; fileRef = 32ECBD4216D04A0B000C43BA /* vFree.c */; };
		32ECBD5D16D04A0B000C43BA /* vInnerP.c in Sources */ = {isa = PBXBuildFile; fileRef = 32ECBD4316D04A0B000C43BA /* vInnerP.c */; };
		32F7C78916D02C93009A7DF6 /* main.c in Sources */ = {isa = PBXBuildFile; fileRef = 32F7C78816D02C93009A7DF6 /* main.c */; };
		32F7C78B16D02C93009A7DF6 /* ARR_OSX.1 in CopyFiles */ = {isa = PBXBuildFile; fileRef = 32F7C78A16D02C93009A7DF6 /* ARR_OSX.1 */; };
/* End PBXBuildFile section */

/* Begin PBXCopyFilesBuildPhase section */
		32F7C78216D02C93009A7DF6 /* CopyFiles */ = {
			isa = PBXCopyFilesBuildPhase;
			buildActionMask = 2147483647;
			dstPath = /usr/share/man/man1/;
			dstSubfolderSpec = 0;
			files = (
				32F7C78B16D02C93009A7DF6 /* ARR_OSX.1 in CopyFiles */,
			);
			runOnlyForDeploymentPostprocessing = 1;
		};
/* End PBXCopyFilesBuildPhase section */

/* Begin PBXFileReference section */
		326024C016D1097F00431BC7 /* arrSegmentInit.c */ = {isa = PBXFileReference; fileEncoding = 4; lastKnownFileType = sourcecode.c.c; path = arrSegmentInit.c; sourceTree = "<group>"; };
		32ECBD2316D04A0B000C43BA /* arrEdgeAlloc.c */ = {isa = PBXFileReference; fileEncoding = 4; lastKnownFileType = sourcecode.c.c; path = arrEdgeAlloc.c; sourceTree = "<group>"; };
		32ECBD2416D04A0B000C43BA /* arrEdgeFree.c */ = {isa = PBXFileReference; fileEncoding = 4; lastKnownFileType = sourcecode.c.c; path = arrEdgeFree.c; sourceTree = "<group>"; };
		32ECBD2516D04A0B000C43BA /* arrEdgeGradientIntensity.c */ = {isa = PBXFileReference; fileEncoding = 4; lastKnownFileType = sourcecode.c.c; path = arrEdgeGradientIntensity.c; sourceTree = "<group>"; };
		32ECBD2616D04A0B000C43BA /* arrEdgeIsCompatible.c */ = {isa = PBXFileReference; fileEncoding = 4; lastKnownFileType = sourcecode.c.c; path = arrEdgeIsCompatible.c; sourceTree = "<group>"; };
		32ECBD2716D04A0B000C43BA /* arrEdgeKernel.c */ = {isa = PBXFileReference; fileEncoding = 4; lastKnownFileType = sourcecode.c.c; path = arrEdgeKernel.c; sourceTree = "<group>"; };
		32ECBD2816D04A0B000C43BA /* arrExtendSegments.c */ = {isa = PBXFileReference; fileEncoding = 4; lastKnownFileType = sourcecode.c.c; path = arrExtendSegments.c; sourceTree = "<group>"; };
		32ECBD2916D04A0B000C43BA /* arrFindChainOfLines.c */ = {isa = PBXFileReference; fileEncoding = 4; lastKnownFileType = sourcecode.c.c; path = arrFindChainOfLines.c; sourceTree = "<group>"; };
		32ECBD2A16D04A0B000C43BA /* arrFindEdgesInRegion.c */ = {isa = PBXFileReference; fileEncoding = 4; lastKnownFileType = sourcecode.c.c; path = arrFindEdgesInRegion.c; sourceTree = "<group>"; };
		32ECBD2B16D04A0B000C43BA /* arrFindLinesWithCorners.c */ = {isa = PBXFileReference; fileEncoding = 4; lastKnownFileType = sourcecode.c.c; path = arrFindLinesWithCorners.c; sourceTree = "<group>"; };
		32ECBD2C16D04A0B000C43BA /* arrFindMarkers.c */ = {isa = PBXFileReference; fileEncoding = 4; lastKnownFileType = sourcecode.c.c; path = arrFindMarkers.c; sourceTree = "<group>"; };
		32ECBD2D16D04A0B000C43BA /* arrFindSegments.c */ = {isa = PBXFileReference; fileEncoding = 4; lastKnownFileType = sourcecode.c.c; path = arrFindSegments.c; sourceTree = "<group>"; };
		32ECBD2E16D04A0B000C43BA /* arrImageAlloc.c */ = {isa = PBXFileReference; fileEncoding = 4; lastKnownFileType = sourcecode.c.c; path = arrImageAlloc.c; sourceTree = "<group>"; };
		32ECBD2F16D04A0B000C43BA /* arrImageGetPixel.c */ = {isa = PBXFileReference; fileEncoding = 4; lastKnownFileType = sourcecode.c.c; path = arrImageGetPixel.c; sourceTree = "<group>"; };
		32ECBD3016D04A0B000C43BA /* arrMarkerCopyChain.c */ = {isa = PBXFileReference; fileEncoding = 4; lastKnownFileType = sourcecode.c.c; path = arrMarkerCopyChain.c; sourceTree = "<group>"; };
		32ECBD3116D04A0B000C43BA /* arrMarkerReconstruct.c */ = {isa = PBXFileReference; fileEncoding = 4; lastKnownFileType = sourcecode.c.c; path = arrMarkerReconstruct.c; sourceTree = "<group>"; };
		32ECBD3216D04A0B000C43BA /* arrMergeSegments.c */ = {isa = PBXFileReference; fileEncoding = 4; lastKnownFileType = sourcecode.c.c; path = arrMergeSegments.c; sourceTree = "<group>"; };
		32ECBD3316D04A0B000C43BA /* arrSegmentAddSupport.c */ = {isa = PBXFileReference; fileEncoding = 4; lastKnownFileType = sourcecode.c.c; path = arrSegmentAddSupport.c; sourceTree = "<group>"; };
		32ECBD3416D04A0B000C43BA /* arrSegmentIntersect.c */ = {isa = PBXFileReference; fileEncoding = 4; lastKnownFileType = sourcecode.c.c; path = arrSegmentIntersect.c; sourceTree = "<group>"; };
		32ECBD3516D04A0B000C43BA /* arrSegmentIsCompatible.c */ = {isa = PBXFileReference; fileEncoding = 4; lastKnownFileType = sourcecode.c.c; path = arrSegmentIsCompatible.c; sourceTree = "<group>"; };
		32ECBD3616D04A0B000C43BA /* arrSegmentIsEquel.c */ = {isa = PBXFileReference; fileEncoding = 4; lastKnownFileType = sourcecode.c.c; path = arrSegmentIsEquel.c; sourceTree = "<group>"; };
		32ECBD3716D04A0B000C43BA /* arrSegmentIsInclude.c */ = {isa = PBXFileReference; fileEncoding = 4; lastKnownFileType = sourcecode.c.c; path = arrSegmentIsInclude.c; sourceTree = "<group>"; };
		32ECBD3816D04A0B000C43BA /* arrVecNormalize.c */ = {isa = PBXFileReference; fileEncoding = 4; lastKnownFileType = sourcecode.c.c; path = arrVecNormalize.c; sourceTree = "<group>"; };
		32ECBD3A16D04A0B000C43BA /* ar.h */ = {isa = PBXFileReference; fileEncoding = 4; lastKnownFileType = sourcecode.c.h; path = ar.h; sourceTree = "<group>"; };
		32ECBD3B16D04A0B000C43BA /* common.h */ = {isa = PBXFileReference; fileEncoding = 4; lastKnownFileType = sourcecode.c.h; path = common.h; sourceTree = "<group>"; };
		32ECBD3C16D04A0B000C43BA /* config.h */ = {isa = PBXFileReference; fileEncoding = 4; lastKnownFileType = sourcecode.c.h; path = config.h; sourceTree = "<group>"; };
		32ECBD3D16D04A0B000C43BA /* matrix.h */ = {isa = PBXFileReference; fileEncoding = 4; lastKnownFileType = sourcecode.c.h; path = matrix.h; sourceTree = "<group>"; };
		32ECBD3E16D04A0B000C43BA /* testforinclude.h */ = {isa = PBXFileReference; fileEncoding = 4; lastKnownFileType = sourcecode.c.h; path = testforinclude.h; sourceTree = "<group>"; };
		32ECBD3F16D04A0B000C43BA /* type.h */ = {isa = PBXFileReference; fileEncoding = 4; lastKnownFileType = sourcecode.c.h; path = type.h; sourceTree = "<group>"; };
		32ECBD4016D04A0B000C43BA /* vAdd.c */ = {isa = PBXFileReference; fileEncoding = 4; lastKnownFileType = sourcecode.c.c; path = vAdd.c; sourceTree = "<group>"; };
		32ECBD4116D04A0B000C43BA /* vAlloc.c */ = {isa = PBXFileReference; fileEncoding = 4; lastKnownFileType = sourcecode.c.c; path = vAlloc.c; sourceTree = "<group>"; };
		32ECBD4216D04A0B000C43BA /* vFree.c */ = {isa = PBXFileReference; fileEncoding = 4; lastKnownFileType = sourcecode.c.c; path = vFree.c; sourceTree = "<group>"; };
		32ECBD4316D04A0B000C43BA /* vInnerP.c */ = {isa = PBXFileReference; fileEncoding = 4; lastKnownFileType = sourcecode.c.c; path = vInnerP.c; sourceTree = "<group>"; };
		32F7C78416D02C93009A7DF6 /* ARR_OSX */ = {isa = PBXFileReference; explicitFileType = "compiled.mach-o.executable"; includeInIndex = 0; path = ARR_OSX; sourceTree = BUILT_PRODUCTS_DIR; };
		32F7C78816D02C93009A7DF6 /* main.c */ = {isa = PBXFileReference; lastKnownFileType = sourcecode.c.c; path = main.c; sourceTree = "<group>"; };
		32F7C78A16D02C93009A7DF6 /* ARR_OSX.1 */ = {isa = PBXFileReference; lastKnownFileType = text.man; path = ARR_OSX.1; sourceTree = "<group>"; };
/* End PBXFileReference section */

/* Begin PBXFrameworksBuildPhase section */
		32F7C78116D02C93009A7DF6 /* Frameworks */ = {
			isa = PBXFrameworksBuildPhase;
			buildActionMask = 2147483647;
			files = (
			);
			runOnlyForDeploymentPostprocessing = 0;
		};
/* End PBXFrameworksBuildPhase section */

/* Begin PBXGroup section */
		32ECBD2216D04A0B000C43BA /* ARR */ = {
			isa = PBXGroup;
			children = (
				32ECBD2316D04A0B000C43BA /* arrEdgeAlloc.c */,
				32ECBD2416D04A0B000C43BA /* arrEdgeFree.c */,
				32ECBD2516D04A0B000C43BA /* arrEdgeGradientIntensity.c */,
				32ECBD2616D04A0B000C43BA /* arrEdgeIsCompatible.c */,
				32ECBD2716D04A0B000C43BA /* arrEdgeKernel.c */,
				32ECBD2816D04A0B000C43BA /* arrExtendSegments.c */,
				32ECBD2916D04A0B000C43BA /* arrFindChainOfLines.c */,
				32ECBD2A16D04A0B000C43BA /* arrFindEdgesInRegion.c */,
				32ECBD2B16D04A0B000C43BA /* arrFindLinesWithCorners.c */,
				32ECBD2C16D04A0B000C43BA /* arrFindMarkers.c */,
				32ECBD2D16D04A0B000C43BA /* arrFindSegments.c */,
				32ECBD2E16D04A0B000C43BA /* arrImageAlloc.c */,
				32ECBD2F16D04A0B000C43BA /* arrImageGetPixel.c */,
				32ECBD3016D04A0B000C43BA /* arrMarkerCopyChain.c */,
				32ECBD3116D04A0B000C43BA /* arrMarkerReconstruct.c */,
				32ECBD3216D04A0B000C43BA /* arrMergeSegments.c */,
				32ECBD3316D04A0B000C43BA /* arrSegmentAddSupport.c */,
				32ECBD3416D04A0B000C43BA /* arrSegmentIntersect.c */,
				32ECBD3516D04A0B000C43BA /* arrSegmentIsCompatible.c */,
				32ECBD3616D04A0B000C43BA /* arrSegmentIsEquel.c */,
				32ECBD3716D04A0B000C43BA /* arrSegmentIsInclude.c */,
				32ECBD3816D04A0B000C43BA /* arrVecNormalize.c */,
				32ECBD3916D04A0B000C43BA /* include */,
				32ECBD4016D04A0B000C43BA /* vAdd.c */,
				32ECBD4116D04A0B000C43BA /* vAlloc.c */,
				32ECBD4216D04A0B000C43BA /* vFree.c */,
				32ECBD4316D04A0B000C43BA /* vInnerP.c */,
				326024C016D1097F00431BC7 /* arrSegmentInit.c */,
			);
			name = ARR;
			path = ARReadingHD/ARR;
			sourceTree = SOURCE_ROOT;
		};
		32ECBD3916D04A0B000C43BA /* include */ = {
			isa = PBXGroup;
			children = (
				32ECBD3A16D04A0B000C43BA /* ar.h */,
				32ECBD3B16D04A0B000C43BA /* common.h */,
				32ECBD3C16D04A0B000C43BA /* config.h */,
				32ECBD3D16D04A0B000C43BA /* matrix.h */,
				32ECBD3E16D04A0B000C43BA /* testforinclude.h */,
				32ECBD3F16D04A0B000C43BA /* type.h */,
			);
			path = include;
			sourceTree = "<group>";
		};
		32F7C77916D02C93009A7DF6 = {
			isa = PBXGroup;
			children = (
				32F7C78716D02C93009A7DF6 /* ARR_OSX */,
				32F7C78516D02C93009A7DF6 /* Products */,
			);
			sourceTree = "<group>";
		};
		32F7C78516D02C93009A7DF6 /* Products */ = {
			isa = PBXGroup;
			children = (
				32F7C78416D02C93009A7DF6 /* ARR_OSX */,
			);
			name = Products;
			sourceTree = "<group>";
		};
		32F7C78716D02C93009A7DF6 /* ARR_OSX */ = {
			isa = PBXGroup;
			children = (
				32ECBD2216D04A0B000C43BA /* ARR */,
				32F7C78816D02C93009A7DF6 /* main.c */,
				32F7C78A16D02C93009A7DF6 /* ARR_OSX.1 */,
			);
			path = ARR_OSX;
			sourceTree = "<group>";
		};
/* End PBXGroup section */

/* Begin PBXNativeTarget section */
		32F7C78316D02C93009A7DF6 /* ARR_OSX */ = {
			isa = PBXNativeTarget;
			buildConfigurationList = 32F7C78E16D02C93009A7DF6 /* Build configuration list for PBXNativeTarget "ARR_OSX" */;
			buildPhases = (
				32F7C78016D02C93009A7DF6 /* Sources */,
				32F7C78116D02C93009A7DF6 /* Frameworks */,
				32F7C78216D02C93009A7DF6 /* CopyFiles */,
			);
			buildRules = (
			);
			dependencies = (
			);
			name = ARR_OSX;
			productName = ARR_OSX;
			productReference = 32F7C78416D02C93009A7DF6 /* ARR_OSX */;
			productType = "com.apple.product-type.tool";
		};
/* End PBXNativeTarget section */

/* Begin PBXProject section */
		32F7C77B16D02C93009A7DF6 /* Project object */ = {
			isa = PBXProject;
			attributes = {
				LastUpgradeCheck = 0450;
				ORGANIZATIONNAME = tclh123;
			};
			buildConfigurationList = 32F7C77E16D02C93009A7DF6 /* Build configuration list for PBXProject "ARR_OSX" */;
			compatibilityVersion = "Xcode 3.2";
			developmentRegion = English;
			hasScannedForEncodings = 0;
			knownRegions = (
				en,
			);
			mainGroup = 32F7C77916D02C93009A7DF6;
			productRefGroup = 32F7C78516D02C93009A7DF6 /* Products */;
			projectDirPath = "";
			projectRoot = "";
			targets = (
				32F7C78316D02C93009A7DF6 /* ARR_OSX */,
			);
		};
/* End PBXProject section */

/* Begin PBXSourcesBuildPhase section */
		32F7C78016D02C93009A7DF6 /* Sources */ = {
			isa = PBXSourcesBuildPhase;
			buildActionMask = 2147483647;
			files = (
				32F7C78916D02C93009A7DF6 /* main.c in Sources */,
				32ECBD4416D04A0B000C43BA /* arrEdgeAlloc.c in Sources */,
				32ECBD4516D04A0B000C43BA /* arrEdgeFree.c in Sources */,
				32ECBD4616D04A0B000C43BA /* arrEdgeGradientIntensity.c in Sources */,
				32ECBD4716D04A0B000C43BA /* arrEdgeIsCompatible.c in Sources */,
				32ECBD4816D04A0B000C43BA /* arrEdgeKernel.c in Sources */,
				32ECBD4916D04A0B000C43BA /* arrExtendSegments.c in Sources */,
				32ECBD4A16D04A0B000C43BA /* arrFindChainOfLines.c in Sources */,
				32ECBD4B16D04A0B000C43BA /* arrFindEdgesInRegion.c in Sources */,
				32ECBD4C16D04A0B000C43BA /* arrFindLinesWithCorners.c in Sources */,
				32ECBD4D16D04A0B000C43BA /* arrFindMarkers.c in Sources */,
				32ECBD4E16D04A0B000C43BA /* arrFindSegments.c in Sources */,
				32ECBD4F16D04A0B000C43BA /* arrImageAlloc.c in Sources */,
				32ECBD5016D04A0B000C43BA /* arrImageGetPixel.c in Sources */,
				32ECBD5116D04A0B000C43BA /* arrMarkerCopyChain.c in Sources */,
				32ECBD5216D04A0B000C43BA /* arrMarkerReconstruct.c in Sources */,
				32ECBD5316D04A0B000C43BA /* arrMergeSegments.c in Sources */,
				32ECBD5416D04A0B000C43BA /* arrSegmentAddSupport.c in Sources */,
				32ECBD5516D04A0B000C43BA /* arrSegmentIntersect.c in Sources */,
				32ECBD5616D04A0B000C43BA /* arrSegmentIsCompatible.c in Sources */,
				32ECBD5716D04A0B000C43BA /* arrSegmentIsEquel.c in Sources */,
				32ECBD5816D04A0B000C43BA /* arrSegmentIsInclude.c in Sources */,
				32ECBD5916D04A0B000C43BA /* arrVecNormalize.c in Sources */,
				32ECBD5A16D04A0B000C43BA /* vAdd.c in Sources */,
				32ECBD5B16D04A0B000C43BA /* vAlloc.c in Sources */,
				32ECBD5C16D04A0B000C43BA /* vFree.c in Sources */,
				32ECBD5D16D04A0B000C43BA /* vInnerP.c in Sources */,
				326024C116D1097F00431BC7 /* arrSegmentInit.c in Sources */,
			);
			runOnlyForDeploymentPostprocessing = 0;
		};
/* End PBXSourcesBuildPhase section */

/* Begin XCBuildConfiguration section */
		32F7C78C16D02C93009A7DF6 /* Debug */ = {
			isa = XCBuildConfiguration;
			buildSettings = {
				ALWAYS_SEARCH_USER_PATHS = NO;
				ARCHS = "$(ARCHS_STANDARD_64_BIT)";
				CLANG_CXX_LANGUAGE_STANDARD = "gnu++0x";
				CLANG_CXX_LIBRARY = "libc++";
				CLANG_ENABLE_OBJC_ARC = YES;
				CLANG_WARN_EMPTY_BODY = YES;
				CLANG_WARN__DUPLICATE_METHOD_MATCH = YES;
				COPY_PHASE_STRIP = NO;
				GCC_C_LANGUAGE_STANDARD = gnu99;
				GCC_DYNAMIC_NO_PIC = NO;
				GCC_ENABLE_OBJC_EXCEPTIONS = YES;
				GCC_OPTIMIZATION_LEVEL = 0;
				GCC_PREPROCESSOR_DEFINITIONS = (
					"DEBUG=1",
					"$(inherited)",
				);
				GCC_SYMBOLS_PRIVATE_EXTERN = NO;
				GCC_WARN_64_TO_32_BIT_CONVERSION = YES;
				GCC_WARN_ABOUT_RETURN_TYPE = YES;
				GCC_WARN_UNINITIALIZED_AUTOS = YES;
				GCC_WARN_UNUSED_VARIABLE = YES;
				MACOSX_DEPLOYMENT_TARGET = 10.8;
				ONLY_ACTIVE_ARCH = YES;
				SDKROOT = macosx;
			};
			name = Debug;
		};
		32F7C78D16D02C93009A7DF6 /* Release */ = {
			isa = XCBuildConfiguration;
			buildSettings = {
				ALWAYS_SEARCH_USER_PATHS = NO;
				ARCHS = "$(ARCHS_STANDARD_64_BIT)";
				CLANG_CXX_LANGUAGE_STANDARD = "gnu++0x";
				CLANG_CXX_LIBRARY = "libc++";
				CLANG_ENABLE_OBJC_ARC = YES;
				CLANG_WARN_EMPTY_BODY = YES;
				CLANG_WARN__DUPLICATE_METHOD_MATCH = YES;
				COPY_PHASE_STRIP = YES;
				DEBUG_INFORMATION_FORMAT = "dwarf-with-dsym";
				GCC_C_LANGUAGE_STANDARD = gnu99;
				GCC_ENABLE_OBJC_EXCEPTIONS = YES;
				GCC_WARN_64_TO_32_BIT_CONVERSION = YES;
				GCC_WARN_ABOUT_RETURN_TYPE = YES;
				GCC_WARN_UNINITIALIZED_AUTOS = YES;
				GCC_WARN_UNUSED_VARIABLE = YES;
				MACOSX_DEPLOYMENT_TARGET = 10.8;
				SDKROOT = macosx;
			};
			name = Release;
		};
		32F7C78F16D02C93009A7DF6 /* Debug */ = {
			isa = XCBuildConfiguration;
			buildSettings = {
				HEADER_SEARCH_PATHS = /usr/local/include;
				LIBRARY_SEARCH_PATHS = /usr/local/lib;
				OTHER_LDFLAGS = (
					"-lopencv_core",
					"-lopencv_highgui",
					"-lopencv_imgproc",
				);
				PRODUCT_NAME = "$(TARGET_NAME)";
			};
			name = Debug;
		};
		32F7C79016D02C93009A7DF6 /* Release */ = {
			isa = XCBuildConfiguration;
			buildSettings = {
				HEADER_SEARCH_PATHS = /usr/local/include;
				LIBRARY_SEARCH_PATHS = /usr/local/lib;
				OTHER_LDFLAGS = (
					"-lopencv_core",
					"-lopencv_highgui",
					"-lopencv_imgproc",
				);
				PRODUCT_NAME = "$(TARGET_NAME)";
			};
			name = Release;
		};
/* End XCBuildConfiguration section */

/* Begin XCConfigurationList section */
		32F7C77E16D02C93009A7DF6 /* Build configuration list for PBXProject "ARR_OSX" */ = {
			isa = XCConfigurationList;
			buildConfigurations = (
				32F7C78C16D02C93009A7DF6 /* Debug */,
				32F7C78D16D02C93009A7DF6 /* Release */,
			);
			defaultConfigurationIsVisible = 0;
			defaultConfigurationName = Release;
		};
		32F7C78E16D02C93009A7DF6 /* Build configuration list for PBXNativeTarget "ARR_OSX" */ = {
			isa = XCConfigurationList;
			buildConfigurations = (
				32F7C78F16D02C93009A7DF6 /* Debug */,
				32F7C79016D02C93009A7DF6 /* Release */,
			);
			defaultConfigurationIsVisible = 0;
			defaultConfigurationName = Release;
		};
/* End XCConfigurationList section */
	};
	rootObject = 32F7C77B16D02C93009A7DF6 /* Project object */;
}
